
Microsoft Visual Studio Solution File, Format Version 12.00
# Visual Studio Version 17
VisualStudioVersion = 17.3.32901.215
MinimumVisualStudioVersion = 10.0.40219.1
Project("{FAE04EC0-301F-11D3-BF4B-00C04F79EFBC}") = "MyCourses", "MyCourses.csproj", "{9114622D-9302-4C52-B877-47F11102B761}"
EndProject
Global
	GlobalSection(SolutionConfigurationPlatforms) = preSolution
		Debug|Any CPU = Debug|Any CPU
		Release|Any CPU = Release|Any CPU
	EndGlobalSection
	GlobalSection(ProjectConfigurationPlatforms) = postSolution
		{9114622D-9302-4C52-B877-47F11102B761}.Debug|Any CPU.ActiveCfg = Debug|Any CPU
		{9114622D-9302-4C52-B877-47F11102B761}.Debug|Any CPU.Build.0 = Debug|Any CPU
		{9114622D-9302-4C52-B877-47F11102B761}.Release|Any CPU.ActiveCfg = Release|Any CPU
		{9114622D-9302-4C52-B877-47F11102B761}.Release|Any CPU.Build.0 = Release|Any CPU
	EndGlobalSection
	GlobalSection(SolutionProperties) = preSolution
		HideSolutionNode = FALSE
	EndGlobalSection
	GlobalSection(ExtensibilityGlobals) = postSolution
		SolutionGuid = {A8AE1880-0876-4771-9EBD-4CDEBF2EA953}
	EndGlobalSection
EndGlobal
